PODS:
  - Alamofire (4.9.0)
  - Cosmos (19.0.3)
  - GoogleMaps (3.0.3):
    - GoogleMaps/Maps (= 3.0.3)
  - GoogleMaps/Base (3.0.3)
  - GoogleMaps/Maps (3.0.3):
    - GoogleMaps/Base
  - GooglePlacePicker (3.0.3):
    - GoogleMaps (= 3.0.3)
    - GooglePlaces (= 3.0.3)
  - GooglePlaces (3.0.3):
    - GoogleMaps/Base (= 3.0.3)
  - KVNProgress (2.3.5)
  - OpalImagePicker (2.1.0)
  - ReachabilitySwift (4.3.1)
  - SDWebImage (5.1.1):
    - SDWebImage/Core (= 5.1.1)
  - SDWebImage/Core (5.1.1)
  - SkyFloatingLabelTextField (3.7.0)

DEPENDENCIES:
  - Alamofire (~> 4.4)
  - Cosmos
  - GoogleMaps (= 3.0.3)
  - GooglePlacePicker (= 3.0.3)
  - GooglePlaces (= 3.0.3)
  - KVNProgress
  - OpalImagePicker
  - ReachabilitySwift
  - SDWebImage
  - SkyFloatingLabelTextField

SPEC REPOS:
  https://github.com/CocoaPods/Specs.git:
    - Alamofire
    - Cosmos
    - GoogleMaps
    - GooglePlacePicker
    - GooglePlaces
    - KVNProgress
    - OpalImagePicker
    - ReachabilitySwift
    - SDWebImage
    - SkyFloatingLabelTextField

SPEC CHECKSUMS:
  Alamofire: afc3e7c6db61476cb45cdd23fed06bad03bbc321
  Cosmos: a6fb17284281fa12cf4c85c2efecd440a215ec44
  GoogleMaps: fd5c9fa58871781b9fb94d4936f19c69fe60ce32
  GooglePlacePicker: 02326873b8f923fc1f82ad694c33a625a8f6a728
  GooglePlaces: f09e76993c9c3ee4af8f4f7f535bb94d6aa3b649
  KVNProgress: d7046cce142f1aeb740db39dc3cacfe910fac354
  OpalImagePicker: 40e9d4c27018538a704d8da34b2ff3a2a54a3dc8
  ReachabilitySwift: 4032e2f59586e11e3b0ebe15b167abdd587a388b
  SDWebImage: 96d7f03415ccb28d299d765f93557ff8a617abd8
  SkyFloatingLabelTextField: 4b46db0ab1ccde0919cded29c656e6b4805eda04

PODFILE CHECKSUM: d7b3de28158548f3cd1a33024e6a45fea7bb429a

COCOAPODS: 1.9.3
